
Microsoft Visual Studio Solution File, Format Version 12.00
# Visual Studio Version 17
VisualStudioVersion = 17.7.34003.232
MinimumVisualStudioVersion = 10.0.40219.1
Project("{FAE04EC0-301F-11D3-BF4B-00C04F79EFBC}") = "DriverTest1", "DriverTest1\DriverTest1.csproj", "{C077733D-5062-421F-A6CB-E477664ED930}"
EndProject
Global
	GlobalSection(SolutionConfigurationPlatforms) = preSolution
		Debug|Any CPU = Debug|Any CPU
		Release|Any CPU = Release|Any CPU
	EndGlobalSection
	GlobalSection(ProjectConfigurationPlatforms) = postSolution
		{C077733D-5062-421F-A6CB-E477664ED930}.Debug|Any CPU.ActiveCfg = Debug|Any CPU
		{C077733D-5062-421F-A6CB-E477664ED930}.Debug|Any CPU.Build.0 = Debug|Any CPU
		{C077733D-5062-421F-A6CB-E477664ED930}.Release|Any CPU.ActiveCfg = Release|Any CPU
		{C077733D-5062-421F-A6CB-E477664ED930}.Release|Any CPU.Build.0 = Release|Any CPU
	EndGlobalSection
	GlobalSection(SolutionProperties) = preSolution
		HideSolutionNode = FALSE
	EndGlobalSection
	GlobalSection(ExtensibilityGlobals) = postSolution
		SolutionGuid = {C87A2E1F-0B69-4BF0-B2D7-3D9AB52DEC32}
	EndGlobalSection
EndGlobal
